# THIS IS AN AUTOGENERATED FILE. DO NOT EDIT THIS FILE DIRECTLY.
# yarn lockfile v1


primo-explore-clickable-logo-to-any-link@^1.0.0:
  version "1.0.1"
  resolved "https://registry.yarnpkg.com/primo-explore-clickable-logo-to-any-link/-/primo-explore-clickable-logo-to-any-link-1.0.1.tgz#e6fba4ff4207062a9db90e70fe780e4b30e9738d"

primo-explore-custom-actions@^3.0.0:
  version "3.0.0"
  resolved "https://registry.yarnpkg.com/primo-explore-custom-actions/-/primo-explore-custom-actions-3.0.0.tgz#414b56c583e248b472719a9f1645fb648d85ae27"

primo-explore-custom-library-card-menu@^1.1.0:
  version "1.1.1"
  resolved "https://registry.yarnpkg.com/primo-explore-custom-library-card-menu/-/primo-explore-custom-library-card-menu-1.1.1.tgz#7f1d6fd51708451bfdb87c67533ca62f941d593e"

primo-explore-custom-no-search-results@^1.0.0:
  version "1.0.0"
  resolved "https://registry.yarnpkg.com/primo-explore-custom-no-search-results/-/primo-explore-custom-no-search-results-1.0.0.tgz#061f22fca6671f538f4b0c7452fc887804c5f735"

primo-explore-getit-to-link-resolver@^2.0.2:
  version "2.0.3"
  resolved "https://registry.yarnpkg.com/primo-explore-getit-to-link-resolver/-/primo-explore-getit-to-link-resolver-2.0.3.tgz#39ebc61dfc4f17b5fd4e682c346408ec5e52b416"

primo-explore-libraryh3lp-widget@^1.0.2:
  version "1.0.3"
  resolved "https://registry.yarnpkg.com/primo-explore-libraryh3lp-widget/-/primo-explore-libraryh3lp-widget-1.0.3.tgz#4619f45a8c511fe6fb6a8836df3b696d25c68f8c"

primo-explore-nyu-eshelf@^2.0.2:
  version "2.0.2"
  resolved "https://registry.yarnpkg.com/primo-explore-nyu-eshelf/-/primo-explore-nyu-eshelf-2.0.2.tgz#c436a6abd3c0b3327e1d32bcd5c24fcf07d5df50"

primo-explore-search-bar-sub-menu@^1.0.1:
  version "1.0.2"
  resolved "https://registry.yarnpkg.com/primo-explore-search-bar-sub-menu/-/primo-explore-search-bar-sub-menu-1.0.2.tgz#bbfbb1340795502618be64ef84a655d60a3f2f0b"
