# THIS IS AN AUTOGENERATED FILE. DO NOT EDIT THIS FILE DIRECTLY.
# yarn lockfile v1


angulartics-google-analytics@^0.5.0:
  version "0.5.0"
  resolved "https://registry.yarnpkg.com/angulartics-google-analytics/-/angulartics-google-analytics-0.5.0.tgz#29439b60b3bf1bc129d2662049c0c2d0d4c98fab"

angulartics-google-tag-manager@^0.0.1:
  version "0.0.1"
  resolved "https://registry.yarnpkg.com/angulartics-google-tag-manager/-/angulartics-google-tag-manager-0.0.1.tgz#59e8e4a9db5d85693b7cdec81a215136b04118e9"

angulartics@^1.6.0:
  version "1.6.0"
  resolved "https://registry.yarnpkg.com/angulartics/-/angulartics-1.6.0.tgz#a89c17ef8ea2334ebced65d6265951846f848172"

primo-explore-clickable-logo-to-any-link@^1.0.0:
  version "1.0.1"
  resolved "https://registry.yarnpkg.com/primo-explore-clickable-logo-to-any-link/-/primo-explore-clickable-logo-to-any-link-1.0.1.tgz#e6fba4ff4207062a9db90e70fe780e4b30e9738d"

primo-explore-custom-actions@^3.0.0:
  version "3.0.0"
  resolved "https://registry.yarnpkg.com/primo-explore-custom-actions/-/primo-explore-custom-actions-3.0.0.tgz#414b56c583e248b472719a9f1645fb648d85ae27"

primo-explore-custom-library-card-menu@^1.1.0:
  version "1.1.1"
  resolved "https://registry.yarnpkg.com/primo-explore-custom-library-card-menu/-/primo-explore-custom-library-card-menu-1.1.1.tgz#7f1d6fd51708451bfdb87c67533ca62f941d593e"

primo-explore-custom-no-search-results@^1.0.0:
  version "1.0.1"
  resolved "https://registry.yarnpkg.com/primo-explore-custom-no-search-results/-/primo-explore-custom-no-search-results-1.0.1.tgz#0dfeca3564048bcb2e9b13b4bb83d14e31bf3bac"

primo-explore-getit-to-link-resolver@^2.0.2:
  version "2.0.3"
  resolved "https://registry.yarnpkg.com/primo-explore-getit-to-link-resolver/-/primo-explore-getit-to-link-resolver-2.0.3.tgz#39ebc61dfc4f17b5fd4e682c346408ec5e52b416"

"primo-explore-google-analytics@https://github.com/NYULibraries/primo-explore-google-analytics#develop":
  version "0.1.0"
  resolved "https://github.com/NYULibraries/primo-explore-google-analytics#0476125601c75b93ea8cae05eaccac13b42ea6ed"

primo-explore-libraryh3lp-widget@^1.0.2:
  version "1.0.3"
  resolved "https://registry.yarnpkg.com/primo-explore-libraryh3lp-widget/-/primo-explore-libraryh3lp-widget-1.0.3.tgz#4619f45a8c511fe6fb6a8836df3b696d25c68f8c"

primo-explore-nyu-eshelf@^3.0.3:
  version "3.1.1"
  resolved "https://registry.yarnpkg.com/primo-explore-nyu-eshelf/-/primo-explore-nyu-eshelf-3.1.1.tgz#8bd6f1ee559518479fea043346b16ac634bd8b94"

primo-explore-search-bar-sub-menu@^1.0.1:
  version "1.0.2"
  resolved "https://registry.yarnpkg.com/primo-explore-search-bar-sub-menu/-/primo-explore-search-bar-sub-menu-1.0.2.tgz#bbfbb1340795502618be64ef84a655d60a3f2f0b"
