# THIS IS AN AUTOGENERATED FILE. DO NOT EDIT THIS FILE DIRECTLY.
# yarn lockfile v1


primo-explore-clickable-logo-to-any-link@^1.0.0:
  version "1.0.0"
  resolved "https://registry.yarnpkg.com/primo-explore-clickable-logo-to-any-link/-/primo-explore-clickable-logo-to-any-link-1.0.0.tgz#6d394f0c4e98c4a2c1d4d10d12c9ffef5df40592"

primo-explore-custom-actions@^2.0.0:
  version "2.0.0"
  resolved "https://registry.yarnpkg.com/primo-explore-custom-actions/-/primo-explore-custom-actions-2.0.0.tgz#a173e02d2a4dcbdfdb13c4b5d402853d823e1711"

primo-explore-custom-library-card-menu@^1.1.0:
  version "1.1.0"
  resolved "https://registry.yarnpkg.com/primo-explore-custom-library-card-menu/-/primo-explore-custom-library-card-menu-1.1.0.tgz#d656f65bb6bd729cf699b21990f30779eb5dfea4"

primo-explore-custom-no-search-results@^1.0.0:
  version "1.0.0"
  resolved "https://registry.yarnpkg.com/primo-explore-custom-no-search-results/-/primo-explore-custom-no-search-results-1.0.0.tgz#061f22fca6671f538f4b0c7452fc887804c5f735"

primo-explore-getit-to-link-resolver@^2.0.2:
  version "2.0.2"
  resolved "https://registry.yarnpkg.com/primo-explore-getit-to-link-resolver/-/primo-explore-getit-to-link-resolver-2.0.2.tgz#5bcd92c52c5f4a2a9855989a43221a430cd6621f"

primo-explore-libraryh3lp-widget@^1.0.2:
  version "1.0.2"
  resolved "https://registry.yarnpkg.com/primo-explore-libraryh3lp-widget/-/primo-explore-libraryh3lp-widget-1.0.2.tgz#3339b9c5f871c13e6fa4159dc879bfacecae7fec"

primo-explore-nyu-eshelf@^1.1.3:
  version "1.1.3"
  resolved "https://registry.yarnpkg.com/primo-explore-nyu-eshelf/-/primo-explore-nyu-eshelf-1.1.3.tgz#5fcd75bb296959f2b5adce2e049188e8401dc2ff"

primo-explore-search-bar-sub-menu@^1.0.0:
  version "1.0.0"
  resolved "https://registry.yarnpkg.com/primo-explore-search-bar-sub-menu/-/primo-explore-search-bar-sub-menu-1.0.0.tgz#e29d784770e5cdb98cd014912239a4bf6c38bf46"
